
Microsoft Visual Studio Solution File, Format Version 12.00
# Visual Studio Version 17
VisualStudioVersion = 17.8.34525.116
MinimumVisualStudioVersion = 10.0.40219.1
Project("{FAE04EC0-301F-11D3-BF4B-00C04F79EFBC}") = "Application", "Application\Application.csproj", "{83E72810-49C6-40E1-991C-4E6802B6608A}"
EndProject
Project("{FAE04EC0-301F-11D3-BF4B-00C04F79EFBC}") = "Infrastructure", "Infrastructure\Infrastructure.csproj", "{30008D11-50B0-414B-B948-104578FB67B0}"
EndProject
Project("{FAE04EC0-301F-11D3-BF4B-00C04F79EFBC}") = "WebAPI", "WebAPI\WebAPI.csproj", "{829268C7-DC9C-43C3-8C3F-3CF919EE582D}"
EndProject
Global
	GlobalSection(SolutionConfigurationPlatforms) = preSolution
		Debug|Any CPU = Debug|Any CPU
		Release|Any CPU = Release|Any CPU
	EndGlobalSection
	GlobalSection(ProjectConfigurationPlatforms) = postSolution
		{83E72810-49C6-40E1-991C-4E6802B6608A}.Debug|Any CPU.ActiveCfg = Debug|Any CPU
		{83E72810-49C6-40E1-991C-4E6802B6608A}.Debug|Any CPU.Build.0 = Debug|Any CPU
		{83E72810-49C6-40E1-991C-4E6802B6608A}.Release|Any CPU.ActiveCfg = Release|Any CPU
		{83E72810-49C6-40E1-991C-4E6802B6608A}.Release|Any CPU.Build.0 = Release|Any CPU
		{30008D11-50B0-414B-B948-104578FB67B0}.Debug|Any CPU.ActiveCfg = Debug|Any CPU
		{30008D11-50B0-414B-B948-104578FB67B0}.Debug|Any CPU.Build.0 = Debug|Any CPU
		{30008D11-50B0-414B-B948-104578FB67B0}.Release|Any CPU.ActiveCfg = Release|Any CPU
		{30008D11-50B0-414B-B948-104578FB67B0}.Release|Any CPU.Build.0 = Release|Any CPU
		{829268C7-DC9C-43C3-8C3F-3CF919EE582D}.Debug|Any CPU.ActiveCfg = Debug|Any CPU
		{829268C7-DC9C-43C3-8C3F-3CF919EE582D}.Debug|Any CPU.Build.0 = Debug|Any CPU
		{829268C7-DC9C-43C3-8C3F-3CF919EE582D}.Release|Any CPU.ActiveCfg = Release|Any CPU
		{829268C7-DC9C-43C3-8C3F-3CF919EE582D}.Release|Any CPU.Build.0 = Release|Any CPU
	EndGlobalSection
	GlobalSection(SolutionProperties) = preSolution
		HideSolutionNode = FALSE
	EndGlobalSection
	GlobalSection(ExtensibilityGlobals) = postSolution
		SolutionGuid = {D67FEF13-956B-4A89-B70C-FCC46BF65C32}
	EndGlobalSection
EndGlobal
